
Microsoft Visual Studio Solution File, Format Version 12.00
# Visual Studio Version 17
VisualStudioVersion = 17.5.002.0
MinimumVisualStudioVersion = 10.0.40219.1
Project("{9A19103F-16F7-4668-BE54-9A1E7A4F7556}") = "Develop02", "Develop02.csproj", "{E0AEAD80-D10A-4FDD-B254-6F810B138BA9}"
EndProject
Global
	GlobalSection(SolutionConfigurationPlatforms) = preSolution
		Debug|Any CPU = Debug|Any CPU
		Release|Any CPU = Release|Any CPU
	EndGlobalSection
	GlobalSection(ProjectConfigurationPlatforms) = postSolution
		{E0AEAD80-D10A-4FDD-B254-6F810B138BA9}.Debug|Any CPU.ActiveCfg = Debug|Any CPU
		{E0AEAD80-D10A-4FDD-B254-6F810B138BA9}.Debug|Any CPU.Build.0 = Debug|Any CPU
		{E0AEAD80-D10A-4FDD-B254-6F810B138BA9}.Release|Any CPU.ActiveCfg = Release|Any CPU
		{E0AEAD80-D10A-4FDD-B254-6F810B138BA9}.Release|Any CPU.Build.0 = Release|Any CPU
	EndGlobalSection
	GlobalSection(SolutionProperties) = preSolution
		HideSolutionNode = FALSE
	EndGlobalSection
	GlobalSection(ExtensibilityGlobals) = postSolution
		SolutionGuid = {A98111E7-243A-4C46-8037-C168EEEE2A2D}
	EndGlobalSection
EndGlobal
